dependencies:
- name: nginx-ingress
  repository: https://kubernetes-charts.storage.googleapis.com
  version: 0.15.0
- name: cert-manager
  repository: https://kubernetes-charts.storage.googleapis.com
  version: v0.4.0
digest: sha256:76ec5aebce5c8e51f3db39ac55f1c5f8926e2ac69f5b35dddc59b93dddb9e461
generated: 2018-09-05T11:17:36.085625639+02:00
