dependencies:
- name: nginx-ingress
  repository: https://kubernetes-charts.storage.googleapis.com
  version: 0.15.0
- name: cert-manager
  repository: https://kubernetes-charts.storage.googleapis.com
  version: v0.4.0
- name: nfs-client-provisioner
  repository: https://kubernetes-charts.storage.googleapis.com
  version: 1.1.2
digest: sha256:1673b49ef45ab4a1056477f7afb824fd41858f8fc80c846fff4b8f957704e9f6
generated: 2018-11-07T18:43:42.179087157+01:00
