dependencies:
- name: postgresql
  repository: https://kubernetes-charts.storage.googleapis.com
  version: 0.15.0
- name: nginx-ingress
  repository: https://kubernetes-charts.storage.googleapis.com
  version: 0.15.0
- name: cert-manager
  repository: https://kubernetes-charts.storage.googleapis.com
  version: v0.4.0
digest: sha256:1fbeb6fc0fbd692a18630e82214f3b5ab9c69226a4844752fdc4264b0de29806
generated: 2018-09-04T17:34:06.901898113+02:00
